// !$*UTF8*$!
{
	archiveVersion = 1;
	classes = {
	};
	objectVersion = 50;
	objects = {

/* Begin PBXBuildFile section */
		98982236E21A3982BB492A1A /* libPods-kron1s-daemon-macos.a in Frameworks */ = {isa = PBXBuildFile; fileRef = 0E1144BB0A40F107A430A208 /* libPods-kron1s-daemon-macos.a */; };
		B22187F8222A045800D7B0D3 /* UserPreferencePersistence.m in Sources */ = {isa = PBXBuildFile; fileRef = B22187F7222A045800D7B0D3 /* UserPreferencePersistence.m */; };
		B26BC46E2228E63700574EC3 /* Assets.xcassets in Resources */ = {isa = PBXBuildFile; fileRef = B26BC46D2228E63700574EC3 /* Assets.xcassets */; };
		B26BC4712228E80D00574EC3 /* StatusBarController.m in Sources */ = {isa = PBXBuildFile; fileRef = B26BC4702228E80D00574EC3 /* StatusBarController.m */; };
		B26BC4742228EB3300574EC3 /* PopoverContentViewController.m in Sources */ = {isa = PBXBuildFile; fileRef = B26BC4732228EB3300574EC3 /* PopoverContentViewController.m */; };
		B26BC4762228F51E00574EC3 /* QuartzCore.framework in Frameworks */ = {isa = PBXBuildFile; fileRef = B26BC4752228F51E00574EC3 /* QuartzCore.framework */; };
		B26BC4792228FC1E00574EC3 /* TimeTrackingController.m in Sources */ = {isa = PBXBuildFile; fileRef = B26BC4782228FC1E00574EC3 /* TimeTrackingController.m */; };
		B26BC47B222B4F5A00574EC3 /* libsqlite3.tbd in Frameworks */ = {isa = PBXBuildFile; fileRef = B26BC47A222B4F5A00574EC3 /* libsqlite3.tbd */; };
		B26BC47E222B4F8600574EC3 /* TimeTrackingPersistence.m in Sources */ = {isa = PBXBuildFile; fileRef = B26BC47D222B4F8600574EC3 /* TimeTrackingPersistence.m */; };
		B2846E2A222B55B600E9D4CA /* NSFileManager+DirectoryLocations.m in Sources */ = {isa = PBXBuildFile; fileRef = B2846E29222B55B600E9D4CA /* NSFileManager+DirectoryLocations.m */; };
		B2C9F2A12227AAE400D499B6 /* AppDelegate.m in Sources */ = {isa = PBXBuildFile; fileRef = B2C9F2A02227AAE400D499B6 /* AppDelegate.m */; };
		B2C9F2A62227AAE500D499B6 /* MainMenu.xib in Resources */ = {isa = PBXBuildFile; fileRef = B2C9F2A42227AAE500D499B6 /* MainMenu.xib */; };
		B2C9F2A92227AAE500D499B6 /* main.m in Sources */ = {isa = PBXBuildFile; fileRef = B2C9F2A82227AAE500D499B6 /* main.m */; };
		B2C9F2B22227AB6700D499B6 /* getPathAndTitle.scpt in Resources */ = {isa = PBXBuildFile; fileRef = B2C9F2B12227AB6700D499B6 /* getPathAndTitle.scpt */; };
		B2C9F2B72227AD9000D499B6 /* AppleScriptKit.framework in Frameworks */ = {isa = PBXBuildFile; fileRef = B2C9F2B42227AD9000D499B6 /* AppleScriptKit.framework */; };
		B2C9F2B82227AD9000D499B6 /* Cocoa.framework in Frameworks */ = {isa = PBXBuildFile; fileRef = B2C9F2B52227AD9000D499B6 /* Cocoa.framework */; };
		B2C9F2B92227AD9000D499B6 /* ScriptingBridge.framework in Frameworks */ = {isa = PBXBuildFile; fileRef = B2C9F2B62227AD9000D499B6 /* ScriptingBridge.framework */; };
		B2C9F2BB2227ADB600D499B6 /* ApplicationServices.framework in Frameworks */ = {isa = PBXBuildFile; fileRef = B2C9F2BA2227ADB600D499B6 /* ApplicationServices.framework */; };
		B2C9F2BF2227B61C00D499B6 /* PrivacyConsentController.m in Sources */ = {isa = PBXBuildFile; fileRef = B2C9F2BE2227B61C00D499B6 /* PrivacyConsentController.m */; };
/* End PBXBuildFile section */

/* Begin PBXFileReference section */
		0E1144BB0A40F107A430A208 /* libPods-kron1s-daemon-macos.a */ = {isa = PBXFileReference; explicitFileType = archive.ar; includeInIndex = 0; path = "libPods-kron1s-daemon-macos.a"; sourceTree = BUILT_PRODUCTS_DIR; };
		5C8431D83D007AF63E573277 /* Pods-kron1s-daemon-macos.release.xcconfig */ = {isa = PBXFileReference; includeInIndex = 1; lastKnownFileType = text.xcconfig; name = "Pods-kron1s-daemon-macos.release.xcconfig"; path = "Pods/Target Support Files/Pods-kron1s-daemon-macos/Pods-kron1s-daemon-macos.release.xcconfig"; sourceTree = "<group>"; };
		95FE71F9D6D2F448787B908E /* Pods-kron1s-daemon-macos.debug.xcconfig */ = {isa = PBXFileReference; includeInIndex = 1; lastKnownFileType = text.xcconfig; name = "Pods-kron1s-daemon-macos.debug.xcconfig"; path = "Pods/Target Support Files/Pods-kron1s-daemon-macos/Pods-kron1s-daemon-macos.debug.xcconfig"; sourceTree = "<group>"; };
		B22187F6222A045800D7B0D3 /* UserPreferencePersistence.h */ = {isa = PBXFileReference; lastKnownFileType = sourcecode.c.h; path = UserPreferencePersistence.h; sourceTree = "<group>"; };
		B22187F7222A045800D7B0D3 /* UserPreferencePersistence.m */ = {isa = PBXFileReference; lastKnownFileType = sourcecode.c.objc; path = UserPreferencePersistence.m; sourceTree = "<group>"; };
		B26BC46D2228E63700574EC3 /* Assets.xcassets */ = {isa = PBXFileReference; lastKnownFileType = folder.assetcatalog; path = Assets.xcassets; sourceTree = "<group>"; };
		B26BC46F2228E80D00574EC3 /* StatusBarController.h */ = {isa = PBXFileReference; lastKnownFileType = sourcecode.c.h; path = StatusBarController.h; sourceTree = "<group>"; };
		B26BC4702228E80D00574EC3 /* StatusBarController.m */ = {isa = PBXFileReference; lastKnownFileType = sourcecode.c.objc; path = StatusBarController.m; sourceTree = "<group>"; };
		B26BC4722228EB3300574EC3 /* PopoverContentViewController.h */ = {isa = PBXFileReference; lastKnownFileType = sourcecode.c.h; path = PopoverContentViewController.h; sourceTree = "<group>"; };
		B26BC4732228EB3300574EC3 /* PopoverContentViewController.m */ = {isa = PBXFileReference; lastKnownFileType = sourcecode.c.objc; path = PopoverContentViewController.m; sourceTree = "<group>"; };
		B26BC4752228F51E00574EC3 /* QuartzCore.framework */ = {isa = PBXFileReference; lastKnownFileType = wrapper.framework; name = QuartzCore.framework; path = System/Library/Frameworks/QuartzCore.framework; sourceTree = SDKROOT; };
		B26BC4772228FC1E00574EC3 /* TimeTrackingController.h */ = {isa = PBXFileReference; lastKnownFileType = sourcecode.c.h; path = TimeTrackingController.h; sourceTree = "<group>"; };
		B26BC4782228FC1E00574EC3 /* TimeTrackingController.m */ = {isa = PBXFileReference; lastKnownFileType = sourcecode.c.objc; path = TimeTrackingController.m; sourceTree = "<group>"; };
		B26BC47A222B4F5A00574EC3 /* libsqlite3.tbd */ = {isa = PBXFileReference; lastKnownFileType = "sourcecode.text-based-dylib-definition"; name = libsqlite3.tbd; path = usr/lib/libsqlite3.tbd; sourceTree = SDKROOT; };
		B26BC47C222B4F8600574EC3 /* TimeTrackingPersistence.h */ = {isa = PBXFileReference; lastKnownFileType = sourcecode.c.h; path = TimeTrackingPersistence.h; sourceTree = "<group>"; };
		B26BC47D222B4F8600574EC3 /* TimeTrackingPersistence.m */ = {isa = PBXFileReference; lastKnownFileType = sourcecode.c.objc; path = TimeTrackingPersistence.m; sourceTree = "<group>"; };
		B2846E28222B55B600E9D4CA /* NSFileManager+DirectoryLocations.h */ = {isa = PBXFileReference; fileEncoding = 4; lastKnownFileType = sourcecode.c.h; path = "NSFileManager+DirectoryLocations.h"; sourceTree = "<group>"; };
		B2846E29222B55B600E9D4CA /* NSFileManager+DirectoryLocations.m */ = {isa = PBXFileReference; fileEncoding = 4; lastKnownFileType = sourcecode.c.objc; path = "NSFileManager+DirectoryLocations.m"; sourceTree = "<group>"; };
		B2C9F29C2227AAE400D499B6 /* kron1s-daemon-macos.app */ = {isa = PBXFileReference; explicitFileType = wrapper.application; includeInIndex = 0; path = "kron1s-daemon-macos.app"; sourceTree = BUILT_PRODUCTS_DIR; };
		B2C9F29F2227AAE400D499B6 /* AppDelegate.h */ = {isa = PBXFileReference; lastKnownFileType = sourcecode.c.h; path = AppDelegate.h; sourceTree = "<group>"; };
		B2C9F2A02227AAE400D499B6 /* AppDelegate.m */ = {isa = PBXFileReference; lastKnownFileType = sourcecode.c.objc; path = AppDelegate.m; sourceTree = "<group>"; };
		B2C9F2A52227AAE500D499B6 /* Base */ = {isa = PBXFileReference; lastKnownFileType = file.xib; name = Base; path = Base.lproj/MainMenu.xib; sourceTree = "<group>"; };
		B2C9F2A72227AAE500D499B6 /* Info.plist */ = {isa = PBXFileReference; lastKnownFileType = text.plist.xml; path = Info.plist; sourceTree = "<group>"; };
		B2C9F2A82227AAE500D499B6 /* main.m */ = {isa = PBXFileReference; lastKnownFileType = sourcecode.c.objc; path = main.m; sourceTree = "<group>"; };
		B2C9F2AA2227AAE500D499B6 /* kron1s_daemon_macos.entitlements */ = {isa = PBXFileReference; lastKnownFileType = text.plist.entitlements; path = kron1s_daemon_macos.entitlements; sourceTree = "<group>"; };
		B2C9F2B12227AB6700D499B6 /* getPathAndTitle.scpt */ = {isa = PBXFileReference; fileEncoding = 4; lastKnownFileType = text; path = getPathAndTitle.scpt; sourceTree = "<group>"; };
		B2C9F2B42227AD9000D499B6 /* AppleScriptKit.framework */ = {isa = PBXFileReference; lastKnownFileType = wrapper.framework; name = AppleScriptKit.framework; path = System/Library/Frameworks/AppleScriptKit.framework; sourceTree = SDKROOT; };
		B2C9F2B52227AD9000D499B6 /* Cocoa.framework */ = {isa = PBXFileReference; lastKnownFileType = wrapper.framework; name = Cocoa.framework; path = System/Library/Frameworks/Cocoa.framework; sourceTree = SDKROOT; };
		B2C9F2B62227AD9000D499B6 /* ScriptingBridge.framework */ = {isa = PBXFileReference; lastKnownFileType = wrapper.framework; name = ScriptingBridge.framework; path = System/Library/Frameworks/ScriptingBridge.framework; sourceTree = SDKROOT; };
		B2C9F2BA2227ADB600D499B6 /* ApplicationServices.framework */ = {isa = PBXFileReference; lastKnownFileType = wrapper.framework; name = ApplicationServices.framework; path = System/Library/Frameworks/ApplicationServices.framework; sourceTree = SDKROOT; };
		B2C9F2BD2227B61C00D499B6 /* PrivacyConsentController.h */ = {isa = PBXFileReference; lastKnownFileType = sourcecode.c.h; path = PrivacyConsentController.h; sourceTree = "<group>"; };
		B2C9F2BE2227B61C00D499B6 /* PrivacyConsentController.m */ = {isa = PBXFileReference; lastKnownFileType = sourcecode.c.objc; path = PrivacyConsentController.m; sourceTree = "<group>"; };
/* End PBXFileReference section */

/* Begin PBXFrameworksBuildPhase section */
		B2C9F2992227AAE400D499B6 /* Frameworks */ = {
			isa = PBXFrameworksBuildPhase;
			buildActionMask = 2147483647;
			files = (
				B26BC47B222B4F5A00574EC3 /* libsqlite3.tbd in Frameworks */,
				B26BC4762228F51E00574EC3 /* QuartzCore.framework in Frameworks */,
				B2C9F2BB2227ADB600D499B6 /* ApplicationServices.framework in Frameworks */,
				B2C9F2B72227AD9000D499B6 /* AppleScriptKit.framework in Frameworks */,
				B2C9F2B82227AD9000D499B6 /* Cocoa.framework in Frameworks */,
				B2C9F2B92227AD9000D499B6 /* ScriptingBridge.framework in Frameworks */,
				98982236E21A3982BB492A1A /* libPods-kron1s-daemon-macos.a in Frameworks */,
			);
			runOnlyForDeploymentPostprocessing = 0;
		};
/* End PBXFrameworksBuildPhase section */

/* Begin PBXGroup section */
		637AEF7BC06F3D65EB3640F3 /* Pods */ = {
			isa = PBXGroup;
			children = (
				95FE71F9D6D2F448787B908E /* Pods-kron1s-daemon-macos.debug.xcconfig */,
				5C8431D83D007AF63E573277 /* Pods-kron1s-daemon-macos.release.xcconfig */,
			);
			name = Pods;
			sourceTree = "<group>";
		};
		B2C9F2932227AAE400D499B6 = {
			isa = PBXGroup;
			children = (
				B2C9F29E2227AAE400D499B6 /* kron1s-daemon-macos */,
				B2C9F29D2227AAE400D499B6 /* Products */,
				B2C9F2B32227AD8F00D499B6 /* Frameworks */,
				637AEF7BC06F3D65EB3640F3 /* Pods */,
			);
			sourceTree = "<group>";
		};
		B2C9F29D2227AAE400D499B6 /* Products */ = {
			isa = PBXGroup;
			children = (
				B2C9F29C2227AAE400D499B6 /* kron1s-daemon-macos.app */,
			);
			name = Products;
			sourceTree = "<group>";
		};
		B2C9F29E2227AAE400D499B6 /* kron1s-daemon-macos */ = {
			isa = PBXGroup;
			children = (
				B2C9F2B02227AB6700D499B6 /* Resource */,
				B2C9F29F2227AAE400D499B6 /* AppDelegate.h */,
				B2C9F2A02227AAE400D499B6 /* AppDelegate.m */,
				B2C9F2A42227AAE500D499B6 /* MainMenu.xib */,
				B2C9F2A72227AAE500D499B6 /* Info.plist */,
				B2C9F2A82227AAE500D499B6 /* main.m */,
				B2C9F2AA2227AAE500D499B6 /* kron1s_daemon_macos.entitlements */,
				B2C9F2BD2227B61C00D499B6 /* PrivacyConsentController.h */,
				B2C9F2BE2227B61C00D499B6 /* PrivacyConsentController.m */,
				B26BC46D2228E63700574EC3 /* Assets.xcassets */,
				B26BC46F2228E80D00574EC3 /* StatusBarController.h */,
				B26BC4702228E80D00574EC3 /* StatusBarController.m */,
				B26BC4722228EB3300574EC3 /* PopoverContentViewController.h */,
				B26BC4732228EB3300574EC3 /* PopoverContentViewController.m */,
				B26BC4772228FC1E00574EC3 /* TimeTrackingController.h */,
				B26BC4782228FC1E00574EC3 /* TimeTrackingController.m */,
				B22187F6222A045800D7B0D3 /* UserPreferencePersistence.h */,
				B22187F7222A045800D7B0D3 /* UserPreferencePersistence.m */,
				B2846E28222B55B600E9D4CA /* NSFileManager+DirectoryLocations.h */,
				B2846E29222B55B600E9D4CA /* NSFileManager+DirectoryLocations.m */,
				B26BC47C222B4F8600574EC3 /* TimeTrackingPersistence.h */,
				B26BC47D222B4F8600574EC3 /* TimeTrackingPersistence.m */,
			);
			path = "kron1s-daemon-macos";
			sourceTree = "<group>";
		};
		B2C9F2B02227AB6700D499B6 /* Resource */ = {
			isa = PBXGroup;
			children = (
				B2C9F2B12227AB6700D499B6 /* getPathAndTitle.scpt */,
			);
			path = Resource;
			sourceTree = "<group>";
		};
		B2C9F2B32227AD8F00D499B6 /* Frameworks */ = {
			isa = PBXGroup;
			children = (
				B26BC47A222B4F5A00574EC3 /* libsqlite3.tbd */,
				B26BC4752228F51E00574EC3 /* QuartzCore.framework */,
				B2C9F2BA2227ADB600D499B6 /* ApplicationServices.framework */,
				B2C9F2B42227AD9000D499B6 /* AppleScriptKit.framework */,
				B2C9F2B52227AD9000D499B6 /* Cocoa.framework */,
				B2C9F2B62227AD9000D499B6 /* ScriptingBridge.framework */,
				0E1144BB0A40F107A430A208 /* libPods-kron1s-daemon-macos.a */,
			);
			name = Frameworks;
			sourceTree = "<group>";
		};
/* End PBXGroup section */

/* Begin PBXNativeTarget section */
		B2C9F29B2227AAE400D499B6 /* kron1s-daemon-macos */ = {
			isa = PBXNativeTarget;
			buildConfigurationList = B2C9F2AD2227AAE500D499B6 /* Build configuration list for PBXNativeTarget "kron1s-daemon-macos" */;
			buildPhases = (
				C30AB12ADA53318F07BFEA03 /* [CP] Check Pods Manifest.lock */,
				B2C9F2982227AAE400D499B6 /* Sources */,
				B2C9F2992227AAE400D499B6 /* Frameworks */,
				B2C9F29A2227AAE400D499B6 /* Resources */,
			);
			buildRules = (
			);
			dependencies = (
			);
			name = "kron1s-daemon-macos";
			productName = "kron1s-daemon-macos";
			productReference = B2C9F29C2227AAE400D499B6 /* kron1s-daemon-macos.app */;
			productType = "com.apple.product-type.application";
		};
/* End PBXNativeTarget section */

/* Begin PBXProject section */
		B2C9F2942227AAE400D499B6 /* Project object */ = {
			isa = PBXProject;
			attributes = {
				LastUpgradeCheck = 1010;
				ORGANIZATIONNAME = Rijn;
				TargetAttributes = {
					B2C9F29B2227AAE400D499B6 = {
						CreatedOnToolsVersion = 10.1;
						SystemCapabilities = {
							com.apple.Sandbox = {
								enabled = 0;
							};
						};
					};
				};
			};
			buildConfigurationList = B2C9F2972227AAE400D499B6 /* Build configuration list for PBXProject "kron1s-daemon-macos" */;
			compatibilityVersion = "Xcode 9.3";
			developmentRegion = en;
			hasScannedForEncodings = 0;
			knownRegions = (
				en,
				Base,
			);
			mainGroup = B2C9F2932227AAE400D499B6;
			productRefGroup = B2C9F29D2227AAE400D499B6 /* Products */;
			projectDirPath = "";
			projectRoot = "";
			targets = (
				B2C9F29B2227AAE400D499B6 /* kron1s-daemon-macos */,
			);
		};
/* End PBXProject section */

/* Begin PBXResourcesBuildPhase section */
		B2C9F29A2227AAE400D499B6 /* Resources */ = {
			isa = PBXResourcesBuildPhase;
			buildActionMask = 2147483647;
			files = (
				B2C9F2B22227AB6700D499B6 /* getPathAndTitle.scpt in Resources */,
				B26BC46E2228E63700574EC3 /* Assets.xcassets in Resources */,
				B2C9F2A62227AAE500D499B6 /* MainMenu.xib in Resources */,
			);
			runOnlyForDeploymentPostprocessing = 0;
		};
/* End PBXResourcesBuildPhase section */

/* Begin PBXShellScriptBuildPhase section */
		C30AB12ADA53318F07BFEA03 /* [CP] Check Pods Manifest.lock */ = {
			isa = PBXShellScriptBuildPhase;
			buildActionMask = 2147483647;
			files = (
			);
			inputFileListPaths = (
			);
			inputPaths = (
				"${PODS_PODFILE_DIR_PATH}/Podfile.lock",
				"${PODS_ROOT}/Manifest.lock",
			);
			name = "[CP] Check Pods Manifest.lock";
			outputFileListPaths = (
			);
			outputPaths = (
				"$(DERIVED_FILE_DIR)/Pods-kron1s-daemon-macos-checkManifestLockResult.txt",
			);
			runOnlyForDeploymentPostprocessing = 0;
			shellPath = /bin/sh;
			shellScript = "diff \"${PODS_PODFILE_DIR_PATH}/Podfile.lock\" \"${PODS_ROOT}/Manifest.lock\" > /dev/null\nif [ $? != 0 ] ; then\n    # print error to STDERR\n    echo \"error: The sandbox is not in sync with the Podfile.lock. Run 'pod install' or update your CocoaPods installation.\" >&2\n    exit 1\nfi\n# This output is used by Xcode 'outputs' to avoid re-running this script phase.\necho \"SUCCESS\" > \"${SCRIPT_OUTPUT_FILE_0}\"\n";
			showEnvVarsInLog = 0;
		};
/* End PBXShellScriptBuildPhase section */

/* Begin PBXSourcesBuildPhase section */
		B2C9F2982227AAE400D499B6 /* Sources */ = {
			isa = PBXSourcesBuildPhase;
			buildActionMask = 2147483647;
			files = (
				B2C9F2A92227AAE500D499B6 /* main.m in Sources */,
				B26BC4792228FC1E00574EC3 /* TimeTrackingController.m in Sources */,
				B2846E2A222B55B600E9D4CA /* NSFileManager+DirectoryLocations.m in Sources */,
				B22187F8222A045800D7B0D3 /* UserPreferencePersistence.m in Sources */,
				B26BC47E222B4F8600574EC3 /* TimeTrackingPersistence.m in Sources */,
				B26BC4712228E80D00574EC3 /* StatusBarController.m in Sources */,
				B2C9F2BF2227B61C00D499B6 /* PrivacyConsentController.m in Sources */,
				B26BC4742228EB3300574EC3 /* PopoverContentViewController.m in Sources */,
				B2C9F2A12227AAE400D499B6 /* AppDelegate.m in Sources */,
			);
			runOnlyForDeploymentPostprocessing = 0;
		};
/* End PBXSourcesBuildPhase section */

/* Begin PBXVariantGroup section */
		B2C9F2A42227AAE500D499B6 /* MainMenu.xib */ = {
			isa = PBXVariantGroup;
			children = (
				B2C9F2A52227AAE500D499B6 /* Base */,
			);
			name = MainMenu.xib;
			sourceTree = "<group>";
		};
/* End PBXVariantGroup section */

/* Begin XCBuildConfiguration section */
		B2C9F2AB2227AAE500D499B6 /* Debug */ = {
			isa = XCBuildConfiguration;
			buildSettings = {
				ALWAYS_SEARCH_USER_PATHS = NO;
				CLANG_ANALYZER_NONNULL = YES;
				CLANG_ANALYZER_NUMBER_OBJECT_CONVERSION = YES_AGGRESSIVE;
				CLANG_CXX_LANGUAGE_STANDARD = "gnu++14";
				CLANG_CXX_LIBRARY = "libc++";
				CLANG_ENABLE_MODULES = YES;
				CLANG_ENABLE_OBJC_ARC = YES;
				CLANG_ENABLE_OBJC_WEAK = YES;
				CLANG_WARN_BLOCK_CAPTURE_AUTORELEASING = YES;
				CLANG_WARN_BOOL_CONVERSION = YES;
				CLANG_WARN_COMMA = YES;
				CLANG_WARN_CONSTANT_CONVERSION = YES;
				CLANG_WARN_DEPRECATED_OBJC_IMPLEMENTATIONS = YES;
				CLANG_WARN_DIRECT_OBJC_ISA_USAGE = YES_ERROR;
				CLANG_WARN_DOCUMENTATION_COMMENTS = YES;
				CLANG_WARN_EMPTY_BODY = YES;
				CLANG_WARN_ENUM_CONVERSION = YES;
				CLANG_WARN_INFINITE_RECURSION = YES;
				CLANG_WARN_INT_CONVERSION = YES;
				CLANG_WARN_NON_LITERAL_NULL_CONVERSION = YES;
				CLANG_WARN_OBJC_IMPLICIT_RETAIN_SELF = YES;
				CLANG_WARN_OBJC_LITERAL_CONVERSION = YES;
				CLANG_WARN_OBJC_ROOT_CLASS = YES_ERROR;
				CLANG_WARN_RANGE_LOOP_ANALYSIS = YES;
				CLANG_WARN_STRICT_PROTOTYPES = YES;
				CLANG_WARN_SUSPICIOUS_MOVE = YES;
				CLANG_WARN_UNGUARDED_AVAILABILITY = YES_AGGRESSIVE;
				CLANG_WARN_UNREACHABLE_CODE = YES;
				CLANG_WARN__DUPLICATE_METHOD_MATCH = YES;
				CODE_SIGN_IDENTITY = "Mac Developer";
				COPY_PHASE_STRIP = NO;
				DEBUG_INFORMATION_FORMAT = dwarf;
				ENABLE_STRICT_OBJC_MSGSEND = YES;
				ENABLE_TESTABILITY = YES;
				GCC_C_LANGUAGE_STANDARD = gnu11;
				GCC_DYNAMIC_NO_PIC = NO;
				GCC_NO_COMMON_BLOCKS = YES;
				GCC_OPTIMIZATION_LEVEL = 0;
				GCC_PREPROCESSOR_DEFINITIONS = (
					"DEBUG=1",
					"$(inherited)",
				);
				GCC_WARN_64_TO_32_BIT_CONVERSION = YES;
				GCC_WARN_ABOUT_RETURN_TYPE = YES_ERROR;
				GCC_WARN_UNDECLARED_SELECTOR = YES;
				GCC_WARN_UNINITIALIZED_AUTOS = YES_AGGRESSIVE;
				GCC_WARN_UNUSED_FUNCTION = YES;
				GCC_WARN_UNUSED_VARIABLE = YES;
				MACOSX_DEPLOYMENT_TARGET = 10.14;
				MTL_ENABLE_DEBUG_INFO = INCLUDE_SOURCE;
				MTL_FAST_MATH = YES;
				ONLY_ACTIVE_ARCH = YES;
				SDKROOT = macosx;
			};
			name = Debug;
		};
		B2C9F2AC2227AAE500D499B6 /* Release */ = {
			isa = XCBuildConfiguration;
			buildSettings = {
				ALWAYS_SEARCH_USER_PATHS = NO;
				CLANG_ANALYZER_NONNULL = YES;
				CLANG_ANALYZER_NUMBER_OBJECT_CONVERSION = YES_AGGRESSIVE;
				CLANG_CXX_LANGUAGE_STANDARD = "gnu++14";
				CLANG_CXX_LIBRARY = "libc++";
				CLANG_ENABLE_MODULES = YES;
				CLANG_ENABLE_OBJC_ARC = YES;
				CLANG_ENABLE_OBJC_WEAK = YES;
				CLANG_WARN_BLOCK_CAPTURE_AUTORELEASING = YES;
				CLANG_WARN_BOOL_CONVERSION = YES;
				CLANG_WARN_COMMA = YES;
				CLANG_WARN_CONSTANT_CONVERSION = YES;
				CLANG_WARN_DEPRECATED_OBJC_IMPLEMENTATIONS = YES;
				CLANG_WARN_DIRECT_OBJC_ISA_USAGE = YES_ERROR;
				CLANG_WARN_DOCUMENTATION_COMMENTS = YES;
				CLANG_WARN_EMPTY_BODY = YES;
				CLANG_WARN_ENUM_CONVERSION = YES;
				CLANG_WARN_INFINITE_RECURSION = YES;
				CLANG_WARN_INT_CONVERSION = YES;
				CLANG_WARN_NON_LITERAL_NULL_CONVERSION = YES;
				CLANG_WARN_OBJC_IMPLICIT_RETAIN_SELF = YES;
				CLANG_WARN_OBJC_LITERAL_CONVERSION = YES;
				CLANG_WARN_OBJC_ROOT_CLASS = YES_ERROR;
				CLANG_WARN_RANGE_LOOP_ANALYSIS = YES;
				CLANG_WARN_STRICT_PROTOTYPES = YES;
				CLANG_WARN_SUSPICIOUS_MOVE = YES;
				CLANG_WARN_UNGUARDED_AVAILABILITY = YES_AGGRESSIVE;
				CLANG_WARN_UNREACHABLE_CODE = YES;
				CLANG_WARN__DUPLICATE_METHOD_MATCH = YES;
				CODE_SIGN_IDENTITY = "Mac Developer";
				COPY_PHASE_STRIP = NO;
				DEBUG_INFORMATION_FORMAT = "dwarf-with-dsym";
				ENABLE_NS_ASSERTIONS = NO;
				ENABLE_STRICT_OBJC_MSGSEND = YES;
				GCC_C_LANGUAGE_STANDARD = gnu11;
				GCC_NO_COMMON_BLOCKS = YES;
				GCC_WARN_64_TO_32_BIT_CONVERSION = YES;
				GCC_WARN_ABOUT_RETURN_TYPE = YES_ERROR;
				GCC_WARN_UNDECLARED_SELECTOR = YES;
				GCC_WARN_UNINITIALIZED_AUTOS = YES_AGGRESSIVE;
				GCC_WARN_UNUSED_FUNCTION = YES;
				GCC_WARN_UNUSED_VARIABLE = YES;
				MACOSX_DEPLOYMENT_TARGET = 10.14;
				MTL_ENABLE_DEBUG_INFO = NO;
				MTL_FAST_MATH = YES;
				SDKROOT = macosx;
			};
			name = Release;
		};
		B2C9F2AE2227AAE500D499B6 /* Debug */ = {
			isa = XCBuildConfiguration;
			baseConfigurationReference = 95FE71F9D6D2F448787B908E /* Pods-kron1s-daemon-macos.debug.xcconfig */;
			buildSettings = {
				CODE_SIGN_STYLE = Automatic;
				COMBINE_HIDPI_IMAGES = YES;
				DEVELOPMENT_TEAM = TF4L75X767;
				INFOPLIST_FILE = "kron1s-daemon-macos/Info.plist";
				LD_RUNPATH_SEARCH_PATHS = (
					"$(inherited)",
					"@executable_path/../Frameworks",
				);
				PRODUCT_BUNDLE_IDENTIFIER = "rijn.kron1s-daemon-macos";
				PRODUCT_NAME = "$(TARGET_NAME)";
			};
			name = Debug;
		};
		B2C9F2AF2227AAE500D499B6 /* Release */ = {
			isa = XCBuildConfiguration;
			baseConfigurationReference = 5C8431D83D007AF63E573277 /* Pods-kron1s-daemon-macos.release.xcconfig */;
			buildSettings = {
				CODE_SIGN_STYLE = Automatic;
				COMBINE_HIDPI_IMAGES = YES;
				DEVELOPMENT_TEAM = TF4L75X767;
				INFOPLIST_FILE = "kron1s-daemon-macos/Info.plist";
				LD_RUNPATH_SEARCH_PATHS = (
					"$(inherited)",
					"@executable_path/../Frameworks",
				);
				PRODUCT_BUNDLE_IDENTIFIER = "rijn.kron1s-daemon-macos";
				PRODUCT_NAME = "$(TARGET_NAME)";
			};
			name = Release;
		};
/* End XCBuildConfiguration section */

/* Begin XCConfigurationList section */
		B2C9F2972227AAE400D499B6 /* Build configuration list for PBXProject "kron1s-daemon-macos" */ = {
			isa = XCConfigurationList;
			buildConfigurations = (
				B2C9F2AB2227AAE500D499B6 /* Debug */,
				B2C9F2AC2227AAE500D499B6 /* Release */,
			);
			defaultConfigurationIsVisible = 0;
			defaultConfigurationName = Release;
		};
		B2C9F2AD2227AAE500D499B6 /* Build configuration list for PBXNativeTarget "kron1s-daemon-macos" */ = {
			isa = XCConfigurationList;
			buildConfigurations = (
				B2C9F2AE2227AAE500D499B6 /* Debug */,
				B2C9F2AF2227AAE500D499B6 /* Release */,
			);
			defaultConfigurationIsVisible = 0;
			defaultConfigurationName = Release;
		};
/* End XCConfigurationList section */
	};
	rootObject = B2C9F2942227AAE400D499B6 /* Project object */;
}
